# Code generated by scarb DO NOT EDIT.
version = 1

[[package]]
name = "contracts"
version = "0.1.0"
dependencies = [
 "contracts_commons",
 "openzeppelin",
]

[[package]]
name = "contracts_commons"
version = "0.1.0"
dependencies = [
 "openzeppelin",
]

[[package]]
name = "openzeppelin"
version = "0.13.0"
source = "git+https://github.com/OpenZeppelin/cairo-contracts.git?tag=v0.13.0#978b4e75209da355667d8954d2450e32bd71fe49"
